{
  "pins" : [
    {
      "identity" : "webservice",
      "kind" : "remoteSourceControl",
      "location" : "https://github.com/wmalloc/WebService.git",
      "state" : {
        "revision" : "820d1a3d268af8e235e55b7e946ead7c72b1e463",
        "version" : "0.6.2"
      }
    },
    {
      "identity" : "youtubemodel",
      "kind" : "remoteSourceControl",
      "location" : "https://github.com/wmalloc/YoutubeModel.git",
      "state" : {
        "branch" : "main",
        "revision" : "25e5e7ca46caba0a45a8badcb46d5c62929384dc"
      }
    }
  ],
  "version" : 2
}
