{
  "pins" : [
    {
      "identity" : "urlrequestable",
      "kind" : "remoteSourceControl",
      "location" : "https://github.com/wmalloc/URLRequestable.git",
      "state" : {
        "revision" : "0fd41826c79dabbd5a2816023b93fe3dced21f03",
        "version" : "0.0.7"
      }
    },
    {
      "identity" : "webservice",
      "kind" : "remoteSourceControl",
      "location" : "https://github.com/wmalloc/WebService.git",
      "state" : {
        "revision" : "0e21d044b223b57cd4c158467841187ec5aa398e",
        "version" : "0.7.7"
      }
    },
    {
      "identity" : "youtubemodel",
      "kind" : "remoteSourceControl",
      "location" : "https://github.com/wmalloc/YoutubeModel.git",
      "state" : {
        "branch" : "main",
        "revision" : "25e5e7ca46caba0a45a8badcb46d5c62929384dc"
      }
    }
  ],
  "version" : 2
}
