{
  "pins" : [
    {
      "identity" : "urlrequestable",
      "kind" : "remoteSourceControl",
      "location" : "https://github.com/wmalloc/URLRequestable.git",
      "state" : {
        "revision" : "ed77cb8d5811cc0dd44ab8d2c2619c5cebf5eba9",
        "version" : "0.0.4"
      }
    },
    {
      "identity" : "webservice",
      "kind" : "remoteSourceControl",
      "location" : "https://github.com/wmalloc/WebService.git",
      "state" : {
        "revision" : "e94d617a403295b9432e2d8909ade57b37e5a8b2",
        "version" : "0.7.2"
      }
    },
    {
      "identity" : "youtubemodel",
      "kind" : "remoteSourceControl",
      "location" : "https://github.com/wmalloc/YoutubeModel.git",
      "state" : {
        "branch" : "main",
        "revision" : "25e5e7ca46caba0a45a8badcb46d5c62929384dc"
      }
    }
  ],
  "version" : 2
}
